
Microsoft Visual Studio Solution File, Format Version 12.00
# Visual Studio 2012
Project("{FAE04EC0-301F-11D3-BF4B-00C04F79EFBC}") = "emulate_credit", "emulate_credit.csproj", "{E6D738DD-177A-4562-A0BC-C373861235F5}"
EndProject
Global
	GlobalSection(SolutionConfigurationPlatforms) = preSolution
		Debug|Any CPU = Debug|Any CPU
		Release|Any CPU = Release|Any CPU
	EndGlobalSection
	GlobalSection(ProjectConfigurationPlatforms) = postSolution
		{E6D738DD-177A-4562-A0BC-C373861235F5}.Debug|Any CPU.ActiveCfg = Debug|Any CPU
		{E6D738DD-177A-4562-A0BC-C373861235F5}.Debug|Any CPU.Build.0 = Debug|Any CPU
		{E6D738DD-177A-4562-A0BC-C373861235F5}.Release|Any CPU.ActiveCfg = Release|Any CPU
		{E6D738DD-177A-4562-A0BC-C373861235F5}.Release|Any CPU.Build.0 = Release|Any CPU
	EndGlobalSection
	GlobalSection(SolutionProperties) = preSolution
		HideSolutionNode = FALSE
	EndGlobalSection
EndGlobal
