
Microsoft Visual Studio Solution File, Format Version 12.00
# Visual Studio 2012
Project("{FAE04EC0-301F-11D3-BF4B-00C04F79EFBC}") = "CustomerInterface", "CustomerInterface\CustomerInterface.csproj", "{824B1E89-6715-4691-90B2-85035B96284E}"
EndProject
Project("{2150E333-8FDC-42A3-9474-1A3956D46DE8}") = "Solution Items", "Solution Items", "{E1D12159-BFBF-48CF-A60A-FEE9E5050917}"
EndProject
Project("{FAE04EC0-301F-11D3-BF4B-00C04F79EFBC}") = "CustomerInterfaceTest", "CustomerInterfaceTest\CustomerInterfaceTest.csproj", "{CD7800ED-AC9A-4010-A54A-39B0C5B77A41}"
EndProject
Project("{FAE04EC0-301F-11D3-BF4B-00C04F79EFBC}") = "emulate_cashPayment", "..\Emulate cash\emulate_cashPayment.csproj", "{AF058354-C6CA-4963-8AA3-18860B988F46}"
EndProject
Project("{FAE04EC0-301F-11D3-BF4B-00C04F79EFBC}") = "emulate_credit", "..\Emulate Credit\emulate_credit.csproj", "{E6D738DD-177A-4562-A0BC-C373861235F5}"
EndProject
Project("{FAE04EC0-301F-11D3-BF4B-00C04F79EFBC}") = "NSAData", "ClassLibrary1\NSAData.csproj", "{D04CE858-CA0F-41E8-ADB0-6B38566A7050}"
EndProject
Global
	GlobalSection(SolutionConfigurationPlatforms) = preSolution
		Debug|Any CPU = Debug|Any CPU
		Release|Any CPU = Release|Any CPU
	EndGlobalSection
	GlobalSection(ProjectConfigurationPlatforms) = postSolution
		{824B1E89-6715-4691-90B2-85035B96284E}.Debug|Any CPU.ActiveCfg = Debug|Any CPU
		{824B1E89-6715-4691-90B2-85035B96284E}.Debug|Any CPU.Build.0 = Debug|Any CPU
		{824B1E89-6715-4691-90B2-85035B96284E}.Release|Any CPU.ActiveCfg = Release|Any CPU
		{824B1E89-6715-4691-90B2-85035B96284E}.Release|Any CPU.Build.0 = Release|Any CPU
		{CD7800ED-AC9A-4010-A54A-39B0C5B77A41}.Debug|Any CPU.ActiveCfg = Debug|Any CPU
		{CD7800ED-AC9A-4010-A54A-39B0C5B77A41}.Debug|Any CPU.Build.0 = Debug|Any CPU
		{CD7800ED-AC9A-4010-A54A-39B0C5B77A41}.Release|Any CPU.ActiveCfg = Release|Any CPU
		{CD7800ED-AC9A-4010-A54A-39B0C5B77A41}.Release|Any CPU.Build.0 = Release|Any CPU
		{AF058354-C6CA-4963-8AA3-18860B988F46}.Debug|Any CPU.ActiveCfg = Debug|Any CPU
		{AF058354-C6CA-4963-8AA3-18860B988F46}.Debug|Any CPU.Build.0 = Debug|Any CPU
		{AF058354-C6CA-4963-8AA3-18860B988F46}.Release|Any CPU.ActiveCfg = Release|Any CPU
		{AF058354-C6CA-4963-8AA3-18860B988F46}.Release|Any CPU.Build.0 = Release|Any CPU
		{E6D738DD-177A-4562-A0BC-C373861235F5}.Debug|Any CPU.ActiveCfg = Debug|Any CPU
		{E6D738DD-177A-4562-A0BC-C373861235F5}.Debug|Any CPU.Build.0 = Debug|Any CPU
		{E6D738DD-177A-4562-A0BC-C373861235F5}.Release|Any CPU.ActiveCfg = Release|Any CPU
		{E6D738DD-177A-4562-A0BC-C373861235F5}.Release|Any CPU.Build.0 = Release|Any CPU
		{D04CE858-CA0F-41E8-ADB0-6B38566A7050}.Debug|Any CPU.ActiveCfg = Debug|Any CPU
		{D04CE858-CA0F-41E8-ADB0-6B38566A7050}.Debug|Any CPU.Build.0 = Debug|Any CPU
		{D04CE858-CA0F-41E8-ADB0-6B38566A7050}.Release|Any CPU.ActiveCfg = Release|Any CPU
		{D04CE858-CA0F-41E8-ADB0-6B38566A7050}.Release|Any CPU.Build.0 = Release|Any CPU
	EndGlobalSection
	GlobalSection(SolutionProperties) = preSolution
		HideSolutionNode = FALSE
	EndGlobalSection
EndGlobal
